
Microsoft Visual Studio Solution File, Format Version 12.00
# Visual Studio Version 17
VisualStudioVersion = 17.8.34330.188
MinimumVisualStudioVersion = 10.0.40219.1
Project("{9A19103F-16F7-4668-BE54-9A1E7A4F7556}") = "MyVillas_Api", "MyVillas_Api\MyVillas_Api.csproj", "{3F3A505E-33CB-43E8-B1A7-F56577237267}"
EndProject
Project("{FAE04EC0-301F-11D3-BF4B-00C04F79EFBC}") = "MyVillas_Web", "MyVillas_Web\MyVillas_Web.csproj", "{F7DFDEE5-B5D6-4170-B935-EDD171B2A5EF}"
EndProject
Project("{FAE04EC0-301F-11D3-BF4B-00C04F79EFBC}") = "MyVillas_Utility", "MyVillas_Utility\MyVillas_Utility.csproj", "{7FECB5F6-2090-4F72-8195-964F3F8D10C0}"
EndProject
Global
	GlobalSection(SolutionConfigurationPlatforms) = preSolution
		Debug|Any CPU = Debug|Any CPU
		Release|Any CPU = Release|Any CPU
	EndGlobalSection
	GlobalSection(ProjectConfigurationPlatforms) = postSolution
		{3F3A505E-33CB-43E8-B1A7-F56577237267}.Debug|Any CPU.ActiveCfg = Debug|Any CPU
		{3F3A505E-33CB-43E8-B1A7-F56577237267}.Debug|Any CPU.Build.0 = Debug|Any CPU
		{3F3A505E-33CB-43E8-B1A7-F56577237267}.Release|Any CPU.ActiveCfg = Release|Any CPU
		{3F3A505E-33CB-43E8-B1A7-F56577237267}.Release|Any CPU.Build.0 = Release|Any CPU
		{F7DFDEE5-B5D6-4170-B935-EDD171B2A5EF}.Debug|Any CPU.ActiveCfg = Debug|Any CPU
		{F7DFDEE5-B5D6-4170-B935-EDD171B2A5EF}.Debug|Any CPU.Build.0 = Debug|Any CPU
		{F7DFDEE5-B5D6-4170-B935-EDD171B2A5EF}.Release|Any CPU.ActiveCfg = Release|Any CPU
		{F7DFDEE5-B5D6-4170-B935-EDD171B2A5EF}.Release|Any CPU.Build.0 = Release|Any CPU
		{7FECB5F6-2090-4F72-8195-964F3F8D10C0}.Debug|Any CPU.ActiveCfg = Debug|Any CPU
		{7FECB5F6-2090-4F72-8195-964F3F8D10C0}.Debug|Any CPU.Build.0 = Debug|Any CPU
		{7FECB5F6-2090-4F72-8195-964F3F8D10C0}.Release|Any CPU.ActiveCfg = Release|Any CPU
		{7FECB5F6-2090-4F72-8195-964F3F8D10C0}.Release|Any CPU.Build.0 = Release|Any CPU
	EndGlobalSection
	GlobalSection(SolutionProperties) = preSolution
		HideSolutionNode = FALSE
	EndGlobalSection
	GlobalSection(ExtensibilityGlobals) = postSolution
		SolutionGuid = {BAE8DAFF-32B8-43C7-B7C9-68B87559501B}
	EndGlobalSection
EndGlobal
